
Microsoft Visual Studio Solution File, Format Version 12.00
# Visual Studio Version 17
VisualStudioVersion = 17.4.33213.308
MinimumVisualStudioVersion = 10.0.40219.1
Project("{FAE04EC0-301F-11D3-BF4B-00C04F79EFBC}") = "CharLoader", "CharLoader.csproj", "{DE2F037B-F094-4092-B30B-5F123C0E72B3}"
EndProject
Global
	GlobalSection(SolutionConfigurationPlatforms) = preSolution
		Debug|Any CPU = Debug|Any CPU
		Release|Any CPU = Release|Any CPU
	EndGlobalSection
	GlobalSection(ProjectConfigurationPlatforms) = postSolution
		{DE2F037B-F094-4092-B30B-5F123C0E72B3}.Debug|Any CPU.ActiveCfg = Debug|Any CPU
		{DE2F037B-F094-4092-B30B-5F123C0E72B3}.Debug|Any CPU.Build.0 = Debug|Any CPU
		{DE2F037B-F094-4092-B30B-5F123C0E72B3}.Release|Any CPU.ActiveCfg = Release|Any CPU
		{DE2F037B-F094-4092-B30B-5F123C0E72B3}.Release|Any CPU.Build.0 = Release|Any CPU
	EndGlobalSection
	GlobalSection(SolutionProperties) = preSolution
		HideSolutionNode = FALSE
	EndGlobalSection
	GlobalSection(ExtensibilityGlobals) = postSolution
		SolutionGuid = {AD064E06-B5F2-4976-B9C7-E01B58D73A9F}
	EndGlobalSection
EndGlobal
